# This file is automatically @generated by Cargo.
# It is not intended for manual editing.
version = 3

[[package]]
name = "canister-a"
version = "0.1.0"
dependencies = [
 "types",
]

[[package]]
name = "canister-b"
version = "0.1.0"
dependencies = [
 "types",
]

[[package]]
name = "tests"
version = "0.1.0"
dependencies = [
 "canister-a",
 "canister-b",
 "types",
]

[[package]]
name = "types"
version = "0.1.0"
